<?xml version="1.0" encoding="utf-8"?>
<Project ToolsVersion="4.0" xmlns="http://schemas.microsoft.com/developer/msbuild/2003">
  <ItemGroup>
    <Filter Include="Instance">
      <UniqueIdentifier>{9663e2f8-40c3-4ad9-8f31-69edbe0693f7}</UniqueIdentifier>
    </Filter>
  </ItemGroup>
  <ItemGroup>
    <ClCompile Include="PipeServiceInstance.cpp">
      <Filter>Instance</Filter>
    </ClCompile>
  </ItemGroup>
  <ItemGroup>
    <ClInclude Include="PipeServiceInstance.h">
      <Filter>Instance</Filter>
    </ClInclude>
  </ItemGroup>
</Project>