<?xml version="1.0" encoding="utf-8"?>
<Project ToolsVersion="4.0" xmlns="http://schemas.microsoft.com/developer/msbuild/2003">
  <ItemGroup>
    <Filter Include="PipeExtension">
      <UniqueIdentifier>{c632df16-22f6-4f2c-b522-85c8bdd0293e}</UniqueIdentifier>
    </Filter>
    <Filter Include="PipeExtension\API">
      <UniqueIdentifier>{78025661-6c39-4cd8-aebc-b31683af5441}</UniqueIdentifier>
    </Filter>
    <Filter Include="PipeExtension\Wrapper">
      <UniqueIdentifier>{b2d754e3-3289-4aff-8ca0-5b5b5647cc60}</UniqueIdentifier>
    </Filter>
    <Filter Include="LibPipe">
      <UniqueIdentifier>{a934a684-018a-424d-b1bd-f1c95eae12bb}</UniqueIdentifier>
    </Filter>
    <Filter Include="LibPipe\API">
      <UniqueIdentifier>{5d9c19eb-7877-4578-93ad-343ee3ba8cfe}</UniqueIdentifier>
    </Filter>
    <Filter Include="LibPipe\Wrapper">
      <UniqueIdentifier>{636d9112-8279-411b-8d54-5442c952616f}</UniqueIdentifier>
    </Filter>
    <Filter Include="LibPipe\Base">
      <UniqueIdentifier>{e533bd95-50e0-4154-9cfd-1c7d5d792db4}</UniqueIdentifier>
    </Filter>
    <Filter Include="Common">
      <UniqueIdentifier>{93995380-89BD-4b04-88EB-625FBE52EBFB}</UniqueIdentifier>
      <Extensions>
      </Extensions>
    </Filter>
    <Filter Include="LibPipe\Services">
      <UniqueIdentifier>{110e7ca6-47ba-4890-a6e0-9f3dff4f8f5b}</UniqueIdentifier>
    </Filter>
  </ItemGroup>
  <ItemGroup>
    <ClInclude Include="CommonHeader.h">
      <Filter>Common</Filter>
    </ClInclude>
    <ClInclude Include="LibPipeAPI.h">
      <Filter>LibPipe\API</Filter>
    </ClInclude>
    <ClInclude Include="PipeExtensionAPI.h">
      <Filter>PipeExtension\API</Filter>
    </ClInclude>
    <ClInclude Include="PipeExtensionInstance.h">
      <Filter>PipeExtension\Wrapper</Filter>
    </ClInclude>
    <ClInclude Include="PipeExtensionInterface.h">
      <Filter>PipeExtension\Wrapper</Filter>
    </ClInclude>
    <ClInclude Include="LibPipeDataTypes.h">
      <Filter>LibPipe\Wrapper</Filter>
    </ClInclude>
    <ClInclude Include="PipeShell.h">
      <Filter>LibPipe\Wrapper</Filter>
    </ClInclude>
    <ClInclude Include="LibPipeHelper.h">
      <Filter>LibPipe\Wrapper</Filter>
    </ClInclude>
    <ClInclude Include="json11.h">
      <Filter>Common</Filter>
    </ClInclude>
    <ClInclude Include="duktape.h">
      <Filter>Common</Filter>
    </ClInclude>
    <ClInclude Include="ServiceRoot.h">
      <Filter>LibPipe\Base</Filter>
    </ClInclude>
    <ClInclude Include="PipeScript.h">
      <Filter>LibPipe\Base</Filter>
    </ClInclude>
    <ClInclude Include="LibPipe.h">
      <Filter>LibPipe\Wrapper</Filter>
    </ClInclude>
    <ClInclude Include="PipeSchema.h">
      <Filter>LibPipe\Wrapper</Filter>
    </ClInclude>
    <ClInclude Include="PipeServiceNode.h">
      <Filter>PipeExtension\Wrapper</Filter>
    </ClInclude>
    <ClInclude Include="FileHelper.h" />
  </ItemGroup>
  <ItemGroup>
    <ClCompile Include="LibPipeAPI.cpp">
      <Filter>LibPipe\API</Filter>
    </ClCompile>
    <ClCompile Include="CommonHeader.cpp">
      <Filter>Common</Filter>
    </ClCompile>
    <ClCompile Include="duktape.c">
      <Filter>Common</Filter>
    </ClCompile>
    <ClCompile Include="ServiceRoot.cpp">
      <Filter>LibPipe\Base</Filter>
    </ClCompile>
    <ClCompile Include="PipeScript.cpp">
      <Filter>LibPipe\Base</Filter>
    </ClCompile>
    <ClCompile Include="FileHelper.cpp" />
  </ItemGroup>
</Project>