<?xml version="1.0" encoding="utf-8"?>
<Project ToolsVersion="4.0" xmlns="http://schemas.microsoft.com/developer/msbuild/2003">
  <ItemGroup>
    <Filter Include="API">
      <UniqueIdentifier>{142c3b09-ea2e-4d41-98cd-e90b0f53d7cf}</UniqueIdentifier>
    </Filter>
    <Filter Include="Base">
      <UniqueIdentifier>{0d6dd53a-2c0a-4489-8b4d-0f219b0826f5}</UniqueIdentifier>
    </Filter>
    <Filter Include="Common">
      <UniqueIdentifier>{e356965b-f2fd-4884-b549-ed24cfe5bc6a}</UniqueIdentifier>
    </Filter>
    <Filter Include="PurpleInterface">
      <UniqueIdentifier>{9a9dcca1-1b69-48e4-a38e-bd56ec8ae377}</UniqueIdentifier>
    </Filter>
  </ItemGroup>
  <ItemGroup>
    <ClCompile Include="PipeExtensionPurpleAPI.cpp">
      <Filter>API</Filter>
    </ClCompile>
    <ClCompile Include="CommonHeader.cpp">
      <Filter>Common</Filter>
    </ClCompile>
    <ClCompile Include="PipeExtensionPurple.cpp">
      <Filter>Base</Filter>
    </ClCompile>
    <ClCompile Include="PurpleInterface.cpp">
      <Filter>PurpleInterface</Filter>
    </ClCompile>
    <ClCompile Include="PurpleInterfaceAccount.cpp">
      <Filter>PurpleInterface</Filter>
    </ClCompile>
  </ItemGroup>
  <ItemGroup>
    <ClInclude Include="CommonHeader.h">
      <Filter>Common</Filter>
    </ClInclude>
    <ClInclude Include="PipeExtensionPurple.h">
      <Filter>Base</Filter>
    </ClInclude>
    <ClInclude Include="PurpleInterface.h">
      <Filter>PurpleInterface</Filter>
    </ClInclude>
    <ClInclude Include="PurpleInterfaceAccount.h">
      <Filter>PurpleInterface</Filter>
    </ClInclude>
  </ItemGroup>
</Project>