<?xml version="1.0" encoding="utf-8"?>
<Project ToolsVersion="4.0" xmlns="http://schemas.microsoft.com/developer/msbuild/2003">
  <ItemGroup>
    <Filter Include="WebService">
      <UniqueIdentifier>{95e73a4a-0e10-40a3-82a9-1de7805426f8}</UniqueIdentifier>
    </Filter>
    <Filter Include="Instances">
      <UniqueIdentifier>{ec11d23b-8a95-4b68-9861-ffda2c7c627c}</UniqueIdentifier>
    </Filter>
    <Filter Include="Host">
      <UniqueIdentifier>{3215f087-8926-4bce-a033-70cad5b505c6}</UniqueIdentifier>
    </Filter>
    <Filter Include="Common">
      <UniqueIdentifier>{96193a86-5349-421b-ad19-6210e70e746b}</UniqueIdentifier>
    </Filter>
  </ItemGroup>
  <ItemGroup>
    <ClInclude Include="PipeServiceHost.h">
      <Filter>Host</Filter>
    </ClInclude>
    <ClInclude Include="WebService.h">
      <Filter>WebService</Filter>
    </ClInclude>
    <ClInclude Include="CommonHeader.h">
      <Filter>Common</Filter>
    </ClInclude>
    <ClInclude Include="UserInstance.h">
      <Filter>Instances</Filter>
    </ClInclude>
    <ClInclude Include="UserInstanceManager.h">
      <Filter>Instances</Filter>
    </ClInclude>
  </ItemGroup>
  <ItemGroup>
    <ClCompile Include="PipeServiceHost.cpp">
      <Filter>Host</Filter>
    </ClCompile>
    <ClCompile Include="WebService.cpp">
      <Filter>WebService</Filter>
    </ClCompile>
    <ClCompile Include="CommonHeader.cpp">
      <Filter>Common</Filter>
    </ClCompile>
    <ClCompile Include="UserInstance.cpp">
      <Filter>Instances</Filter>
    </ClCompile>
    <ClCompile Include="UserInstanceManager.cpp">
      <Filter>Instances</Filter>
    </ClCompile>
  </ItemGroup>
</Project>